
Microsoft Visual Studio Solution File, Format Version 12.00
# Visual Studio 14
VisualStudioVersion = 14.0.25420.1
MinimumVisualStudioVersion = 10.0.40219.1
Project("{FAE04EC0-301F-11D3-BF4B-00C04F79EFBC}") = "AssistidCollector1.Android", "AssistidCollector1\AssistidCollector1.Android\AssistidCollector1.Android.csproj", "{3B0DDE6C-84EC-4F2F-9580-524E3C7F2964}"
EndProject
Project("{FAE04EC0-301F-11D3-BF4B-00C04F79EFBC}") = "AssistidCollector1", "AssistidCollector1\AssistidCollector1\AssistidCollector1.csproj", "{152D78E7-CBCF-4098-92A0-6553216E40DB}"
EndProject
Project("{FAE04EC0-301F-11D3-BF4B-00C04F79EFBC}") = "AssistidCollector1.iOS", "AssistidCollector1\AssistidCollector1.iOS\AssistidCollector1.iOS.csproj", "{E298F8C3-3EEB-49DF-9098-79FCCB36BA3B}"
EndProject
Global
	GlobalSection(SolutionConfigurationPlatforms) = preSolution
		Ad-Hoc|Any CPU = Ad-Hoc|Any CPU
		Ad-Hoc|iPhone = Ad-Hoc|iPhone
		Ad-Hoc|iPhoneSimulator = Ad-Hoc|iPhoneSimulator
		AppStore|Any CPU = AppStore|Any CPU
		AppStore|iPhone = AppStore|iPhone
		AppStore|iPhoneSimulator = AppStore|iPhoneSimulator
		Debug|Any CPU = Debug|Any CPU
		Debug|iPhone = Debug|iPhone
		Debug|iPhoneSimulator = Debug|iPhoneSimulator
		Release|Any CPU = Release|Any CPU
		Release|iPhone = Release|iPhone
		Release|iPhoneSimulator = Release|iPhoneSimulator
	EndGlobalSection
	GlobalSection(ProjectConfigurationPlatforms) = postSolution
		{3B0DDE6C-84EC-4F2F-9580-524E3C7F2964}.Ad-Hoc|Any CPU.ActiveCfg = Release|Any CPU
		{3B0DDE6C-84EC-4F2F-9580-524E3C7F2964}.Ad-Hoc|Any CPU.Build.0 = Release|Any CPU
		{3B0DDE6C-84EC-4F2F-9580-524E3C7F2964}.Ad-Hoc|Any CPU.Deploy.0 = Release|Any CPU
		{3B0DDE6C-84EC-4F2F-9580-524E3C7F2964}.Ad-Hoc|iPhone.ActiveCfg = Release|Any CPU
		{3B0DDE6C-84EC-4F2F-9580-524E3C7F2964}.Ad-Hoc|iPhone.Build.0 = Release|Any CPU
		{3B0DDE6C-84EC-4F2F-9580-524E3C7F2964}.Ad-Hoc|iPhone.Deploy.0 = Release|Any CPU
		{3B0DDE6C-84EC-4F2F-9580-524E3C7F2964}.Ad-Hoc|iPhoneSimulator.ActiveCfg = Release|Any CPU
		{3B0DDE6C-84EC-4F2F-9580-524E3C7F2964}.Ad-Hoc|iPhoneSimulator.Build.0 = Release|Any CPU
		{3B0DDE6C-84EC-4F2F-9580-524E3C7F2964}.Ad-Hoc|iPhoneSimulator.Deploy.0 = Release|Any CPU
		{3B0DDE6C-84EC-4F2F-9580-524E3C7F2964}.AppStore|Any CPU.ActiveCfg = Release|Any CPU
		{3B0DDE6C-84EC-4F2F-9580-524E3C7F2964}.AppStore|Any CPU.Build.0 = Release|Any CPU
		{3B0DDE6C-84EC-4F2F-9580-524E3C7F2964}.AppStore|Any CPU.Deploy.0 = Release|Any CPU
		{3B0DDE6C-84EC-4F2F-9580-524E3C7F2964}.AppStore|iPhone.ActiveCfg = Release|Any CPU
		{3B0DDE6C-84EC-4F2F-9580-524E3C7F2964}.AppStore|iPhone.Build.0 = Release|Any CPU
		{3B0DDE6C-84EC-4F2F-9580-524E3C7F2964}.AppStore|iPhone.Deploy.0 = Release|Any CPU
		{3B0DDE6C-84EC-4F2F-9580-524E3C7F2964}.AppStore|iPhoneSimulator.ActiveCfg = Release|Any CPU
		{3B0DDE6C-84EC-4F2F-9580-524E3C7F2964}.AppStore|iPhoneSimulator.Build.0 = Release|Any CPU
		{3B0DDE6C-84EC-4F2F-9580-524E3C7F2964}.AppStore|iPhoneSimulator.Deploy.0 = Release|Any CPU
		{3B0DDE6C-84EC-4F2F-9580-524E3C7F2964}.Debug|Any CPU.ActiveCfg = Debug|Any CPU
		{3B0DDE6C-84EC-4F2F-9580-524E3C7F2964}.Debug|Any CPU.Build.0 = Debug|Any CPU
		{3B0DDE6C-84EC-4F2F-9580-524E3C7F2964}.Debug|Any CPU.Deploy.0 = Debug|Any CPU
		{3B0DDE6C-84EC-4F2F-9580-524E3C7F2964}.Debug|iPhone.ActiveCfg = Debug|Any CPU
		{3B0DDE6C-84EC-4F2F-9580-524E3C7F2964}.Debug|iPhone.Build.0 = Debug|Any CPU
		{3B0DDE6C-84EC-4F2F-9580-524E3C7F2964}.Debug|iPhone.Deploy.0 = Debug|Any CPU
		{3B0DDE6C-84EC-4F2F-9580-524E3C7F2964}.Debug|iPhoneSimulator.ActiveCfg = Debug|Any CPU
		{3B0DDE6C-84EC-4F2F-9580-524E3C7F2964}.Debug|iPhoneSimulator.Build.0 = Debug|Any CPU
		{3B0DDE6C-84EC-4F2F-9580-524E3C7F2964}.Debug|iPhoneSimulator.Deploy.0 = Debug|Any CPU
		{3B0DDE6C-84EC-4F2F-9580-524E3C7F2964}.Release|Any CPU.ActiveCfg = Release|Any CPU
		{3B0DDE6C-84EC-4F2F-9580-524E3C7F2964}.Release|Any CPU.Build.0 = Release|Any CPU
		{3B0DDE6C-84EC-4F2F-9580-524E3C7F2964}.Release|Any CPU.Deploy.0 = Release|Any CPU
		{3B0DDE6C-84EC-4F2F-9580-524E3C7F2964}.Release|iPhone.ActiveCfg = Release|Any CPU
		{3B0DDE6C-84EC-4F2F-9580-524E3C7F2964}.Release|iPhone.Build.0 = Release|Any CPU
		{3B0DDE6C-84EC-4F2F-9580-524E3C7F2964}.Release|iPhone.Deploy.0 = Release|Any CPU
		{3B0DDE6C-84EC-4F2F-9580-524E3C7F2964}.Release|iPhoneSimulator.ActiveCfg = Release|Any CPU
		{3B0DDE6C-84EC-4F2F-9580-524E3C7F2964}.Release|iPhoneSimulator.Build.0 = Release|Any CPU
		{3B0DDE6C-84EC-4F2F-9580-524E3C7F2964}.Release|iPhoneSimulator.Deploy.0 = Release|Any CPU
		{152D78E7-CBCF-4098-92A0-6553216E40DB}.Ad-Hoc|Any CPU.ActiveCfg = Release|Any CPU
		{152D78E7-CBCF-4098-92A0-6553216E40DB}.Ad-Hoc|Any CPU.Build.0 = Release|Any CPU
		{152D78E7-CBCF-4098-92A0-6553216E40DB}.Ad-Hoc|Any CPU.Deploy.0 = Release|Any CPU
		{152D78E7-CBCF-4098-92A0-6553216E40DB}.Ad-Hoc|iPhone.ActiveCfg = Release|Any CPU
		{152D78E7-CBCF-4098-92A0-6553216E40DB}.Ad-Hoc|iPhone.Build.0 = Release|Any CPU
		{152D78E7-CBCF-4098-92A0-6553216E40DB}.Ad-Hoc|iPhone.Deploy.0 = Release|Any CPU
		{152D78E7-CBCF-4098-92A0-6553216E40DB}.Ad-Hoc|iPhoneSimulator.ActiveCfg = Release|Any CPU
		{152D78E7-CBCF-4098-92A0-6553216E40DB}.Ad-Hoc|iPhoneSimulator.Build.0 = Release|Any CPU
		{152D78E7-CBCF-4098-92A0-6553216E40DB}.Ad-Hoc|iPhoneSimulator.Deploy.0 = Release|Any CPU
		{152D78E7-CBCF-4098-92A0-6553216E40DB}.AppStore|Any CPU.ActiveCfg = Release|Any CPU
		{152D78E7-CBCF-4098-92A0-6553216E40DB}.AppStore|Any CPU.Build.0 = Release|Any CPU
		{152D78E7-CBCF-4098-92A0-6553216E40DB}.AppStore|Any CPU.Deploy.0 = Release|Any CPU
		{152D78E7-CBCF-4098-92A0-6553216E40DB}.AppStore|iPhone.ActiveCfg = Release|Any CPU
		{152D78E7-CBCF-4098-92A0-6553216E40DB}.AppStore|iPhone.Build.0 = Release|Any CPU
		{152D78E7-CBCF-4098-92A0-6553216E40DB}.AppStore|iPhone.Deploy.0 = Release|Any CPU
		{152D78E7-CBCF-4098-92A0-6553216E40DB}.AppStore|iPhoneSimulator.ActiveCfg = Release|Any CPU
		{152D78E7-CBCF-4098-92A0-6553216E40DB}.AppStore|iPhoneSimulator.Build.0 = Release|Any CPU
		{152D78E7-CBCF-4098-92A0-6553216E40DB}.AppStore|iPhoneSimulator.Deploy.0 = Release|Any CPU
		{152D78E7-CBCF-4098-92A0-6553216E40DB}.Debug|Any CPU.ActiveCfg = Debug|Any CPU
		{152D78E7-CBCF-4098-92A0-6553216E40DB}.Debug|Any CPU.Build.0 = Debug|Any CPU
		{152D78E7-CBCF-4098-92A0-6553216E40DB}.Debug|Any CPU.Deploy.0 = Debug|Any CPU
		{152D78E7-CBCF-4098-92A0-6553216E40DB}.Debug|iPhone.ActiveCfg = Debug|Any CPU
		{152D78E7-CBCF-4098-92A0-6553216E40DB}.Debug|iPhone.Build.0 = Debug|Any CPU
		{152D78E7-CBCF-4098-92A0-6553216E40DB}.Debug|iPhone.Deploy.0 = Debug|Any CPU
		{152D78E7-CBCF-4098-92A0-6553216E40DB}.Debug|iPhoneSimulator.ActiveCfg = Debug|Any CPU
		{152D78E7-CBCF-4098-92A0-6553216E40DB}.Debug|iPhoneSimulator.Build.0 = Debug|Any CPU
		{152D78E7-CBCF-4098-92A0-6553216E40DB}.Debug|iPhoneSimulator.Deploy.0 = Debug|Any CPU
		{152D78E7-CBCF-4098-92A0-6553216E40DB}.Release|Any CPU.ActiveCfg = Release|Any CPU
		{152D78E7-CBCF-4098-92A0-6553216E40DB}.Release|Any CPU.Build.0 = Release|Any CPU
		{152D78E7-CBCF-4098-92A0-6553216E40DB}.Release|Any CPU.Deploy.0 = Release|Any CPU
		{152D78E7-CBCF-4098-92A0-6553216E40DB}.Release|iPhone.ActiveCfg = Release|Any CPU
		{152D78E7-CBCF-4098-92A0-6553216E40DB}.Release|iPhone.Build.0 = Release|Any CPU
		{152D78E7-CBCF-4098-92A0-6553216E40DB}.Release|iPhone.Deploy.0 = Release|Any CPU
		{152D78E7-CBCF-4098-92A0-6553216E40DB}.Release|iPhoneSimulator.ActiveCfg = Release|Any CPU
		{152D78E7-CBCF-4098-92A0-6553216E40DB}.Release|iPhoneSimulator.Build.0 = Release|Any CPU
		{152D78E7-CBCF-4098-92A0-6553216E40DB}.Release|iPhoneSimulator.Deploy.0 = Release|Any CPU
		{E298F8C3-3EEB-49DF-9098-79FCCB36BA3B}.Ad-Hoc|Any CPU.ActiveCfg = Ad-Hoc|iPhone
		{E298F8C3-3EEB-49DF-9098-79FCCB36BA3B}.Ad-Hoc|Any CPU.Build.0 = Ad-Hoc|iPhone
		{E298F8C3-3EEB-49DF-9098-79FCCB36BA3B}.Ad-Hoc|Any CPU.Deploy.0 = Ad-Hoc|iPhone
		{E298F8C3-3EEB-49DF-9098-79FCCB36BA3B}.Ad-Hoc|iPhone.ActiveCfg = Ad-Hoc|iPhone
		{E298F8C3-3EEB-49DF-9098-79FCCB36BA3B}.Ad-Hoc|iPhone.Build.0 = Ad-Hoc|iPhone
		{E298F8C3-3EEB-49DF-9098-79FCCB36BA3B}.Ad-Hoc|iPhone.Deploy.0 = Ad-Hoc|iPhone
		{E298F8C3-3EEB-49DF-9098-79FCCB36BA3B}.Ad-Hoc|iPhoneSimulator.ActiveCfg = Ad-Hoc|iPhoneSimulator
		{E298F8C3-3EEB-49DF-9098-79FCCB36BA3B}.Ad-Hoc|iPhoneSimulator.Build.0 = Ad-Hoc|iPhoneSimulator
		{E298F8C3-3EEB-49DF-9098-79FCCB36BA3B}.Ad-Hoc|iPhoneSimulator.Deploy.0 = Ad-Hoc|iPhoneSimulator
		{E298F8C3-3EEB-49DF-9098-79FCCB36BA3B}.AppStore|Any CPU.ActiveCfg = AppStore|iPhone
		{E298F8C3-3EEB-49DF-9098-79FCCB36BA3B}.AppStore|Any CPU.Build.0 = AppStore|iPhone
		{E298F8C3-3EEB-49DF-9098-79FCCB36BA3B}.AppStore|Any CPU.Deploy.0 = AppStore|iPhone
		{E298F8C3-3EEB-49DF-9098-79FCCB36BA3B}.AppStore|iPhone.ActiveCfg = AppStore|iPhone
		{E298F8C3-3EEB-49DF-9098-79FCCB36BA3B}.AppStore|iPhone.Build.0 = AppStore|iPhone
		{E298F8C3-3EEB-49DF-9098-79FCCB36BA3B}.AppStore|iPhone.Deploy.0 = AppStore|iPhone
		{E298F8C3-3EEB-49DF-9098-79FCCB36BA3B}.AppStore|iPhoneSimulator.ActiveCfg = AppStore|iPhoneSimulator
		{E298F8C3-3EEB-49DF-9098-79FCCB36BA3B}.AppStore|iPhoneSimulator.Build.0 = AppStore|iPhoneSimulator
		{E298F8C3-3EEB-49DF-9098-79FCCB36BA3B}.AppStore|iPhoneSimulator.Deploy.0 = AppStore|iPhoneSimulator
		{E298F8C3-3EEB-49DF-9098-79FCCB36BA3B}.Debug|Any CPU.ActiveCfg = Debug|iPhoneSimulator
		{E298F8C3-3EEB-49DF-9098-79FCCB36BA3B}.Debug|Any CPU.Build.0 = Debug|iPhoneSimulator
		{E298F8C3-3EEB-49DF-9098-79FCCB36BA3B}.Debug|Any CPU.Deploy.0 = Debug|iPhoneSimulator
		{E298F8C3-3EEB-49DF-9098-79FCCB36BA3B}.Debug|iPhone.ActiveCfg = Debug|iPhone
		{E298F8C3-3EEB-49DF-9098-79FCCB36BA3B}.Debug|iPhone.Build.0 = Debug|iPhone
		{E298F8C3-3EEB-49DF-9098-79FCCB36BA3B}.Debug|iPhone.Deploy.0 = Debug|iPhone
		{E298F8C3-3EEB-49DF-9098-79FCCB36BA3B}.Debug|iPhoneSimulator.ActiveCfg = Debug|iPhoneSimulator
		{E298F8C3-3EEB-49DF-9098-79FCCB36BA3B}.Debug|iPhoneSimulator.Build.0 = Debug|iPhoneSimulator
		{E298F8C3-3EEB-49DF-9098-79FCCB36BA3B}.Debug|iPhoneSimulator.Deploy.0 = Debug|iPhoneSimulator
		{E298F8C3-3EEB-49DF-9098-79FCCB36BA3B}.Release|Any CPU.ActiveCfg = Release|iPhone
		{E298F8C3-3EEB-49DF-9098-79FCCB36BA3B}.Release|Any CPU.Build.0 = Release|iPhone
		{E298F8C3-3EEB-49DF-9098-79FCCB36BA3B}.Release|Any CPU.Deploy.0 = Release|iPhone
		{E298F8C3-3EEB-49DF-9098-79FCCB36BA3B}.Release|iPhone.ActiveCfg = Release|iPhone
		{E298F8C3-3EEB-49DF-9098-79FCCB36BA3B}.Release|iPhone.Build.0 = Release|iPhone
		{E298F8C3-3EEB-49DF-9098-79FCCB36BA3B}.Release|iPhone.Deploy.0 = Release|iPhone
		{E298F8C3-3EEB-49DF-9098-79FCCB36BA3B}.Release|iPhoneSimulator.ActiveCfg = Release|iPhoneSimulator
		{E298F8C3-3EEB-49DF-9098-79FCCB36BA3B}.Release|iPhoneSimulator.Build.0 = Release|iPhoneSimulator
		{E298F8C3-3EEB-49DF-9098-79FCCB36BA3B}.Release|iPhoneSimulator.Deploy.0 = Release|iPhoneSimulator
	EndGlobalSection
	GlobalSection(SolutionProperties) = preSolution
		HideSolutionNode = FALSE
	EndGlobalSection
EndGlobal
